lockfileVersion: '9.0'

settings:
  autoInstallPeers: true
  excludeLinksFromLockfile: false

importers:

  .:
    dependencies:
      typescript-language-server:
        specifier: 6.0.0
        version: 6.0.0

packages:

  typescript-language-server@6.0.0:
    resolution: {integrity: sha512-LXtzY3UZGfghWA5eRU6/T5j1+YiGRgy14mR3GOKyTKlE1op1TYKQnLVxwBsmnXeDhGLuvzZyIHBAqvrekAITYQ==}
    engines: {node: '>=22.22.2'}
    hasBin: true

snapshots:

  typescript-language-server@6.0.0: {}
