lockfileVersion: '9.0'

settings:
  autoInstallPeers: true
  excludeLinksFromLockfile: false

importers:

  .:
    dependencies:
      release-it:
        specifier: 21.1.0
        version: 21.1.0

packages:

  '@inquirer/ansi@2.0.8':
    resolution: {integrity: sha512-WpQM+Ti6Z40EFwwt+uL2p4UabT+W179zHp6HhLVOzfbwnVn05IPO/eXIZXGNqcT1jbQ15SujNLzQ39k4QPPxBQ==}
    engines: {node: '>=23.5.0 || ^22.13.0 || ^20.17.0'}

  '@inquirer/checkbox@5.2.5':
    resolution: {integrity: sha512-bRt8J8m+Fot9CXv+zNQGXUq2ET0MggR1fPz7v6edN6MFYmsbfGnMmkmWZJEegMKqrAC8ej/o1sqisHZXZJMAfQ==}
    engines: {node: '>=23.5.0 || ^22.13.0 || ^20.17.0'}
    peerDependencies:
      '@types/node': '>=18'
    peerDependenciesMeta:
      '@types/node':
        optional: true

  '@inquirer/confirm@6.3.2':
    resolution: {integrity: sha512-Xvr/0HggjddPtGppuqVmxhTw+Hr8PvsZ/k0HmOEaAqQEt80OITNkFWnsdNmyT0/eM4Ab+iJLx2R8rctlEyfSVg==}
    engines: {node: '>=23.5.0 || ^22.13.0 || ^20.17.0'}
    peerDependencies:
      '@types/node': '>=18'
    peerDependenciesMeta:
      '@types/node':
        optional: true

  '@inquirer/core@12.0.3':
    resolution: {integrity: sha512-wsSy0sznmXwkty+2PzZwx00Cazc/E0r0B7mAzdGROz2Ct+DFZXaK7WDjGZvgjRldxH5ZhFVfF2lgkYrqgOw2KA==}
    engines: {node: '>=23.5.0 || ^22.13.0 || ^20.17.0'}
    peerDependencies:
      '@types/node': '>=18'
    peerDependenciesMeta:
      '@types/node':
        optional: true

  '@inquirer/editor@5.3.3':
    resolution: {integrity: sha512-YsKkS2q63IiLtaDK/9nqzdComN97SDQrmKiyNggN+ceP4ty+Z6VwyTz3FpjeUWeW1Efss2xHFKCC9sx7hnrsxg==}
    engines: {node: '>=23.5.0 || ^22.13.0 || ^20.17.0'}
    peerDependencies:
      '@types/node': '>=18'
    peerDependenciesMeta:
      '@types/node':
        optional: true

  '@inquirer/expand@5.1.5':
    resolution: {integrity: sha512-uHuXLmXW+TtIfT/9vSBotypAkqn1n34Ul+CLGPos/xANyO4Ff5xZzkYhbKR4NEcfVK4a9mHQOpwVZzluSHFRGw==}
    engines: {node: '>=23.5.0 || ^22.13.0 || ^20.17.0'}
    peerDependencies:
      '@types/node': '>=18'
    peerDependenciesMeta:
      '@types/node':
        optional: true

  '@inquirer/external-editor@3.0.5':
    resolution: {integrity: sha512-f3QQJRIX5ZEneBHNUIuPjmbdzHnmRFJA8r2dkcb8q+OM5Uv5KtnuAttQumnrjcBVBM3mcTX1CkmtAkU58VRZxg==}
    engines: {node: '>=23.5.0 || ^22.13.0 || ^20.17.0'}
    peerDependencies:
      '@types/node': '>=18'
    peerDependenciesMeta:
      '@types/node':
        optional: true

  '@inquirer/figures@2.0.9':
    resolution: {integrity: sha512-EAWgUTGQ/Umgga51dE3B2PUHbufuXarDfg86uVgoSgNHNNQnyFKcOrQLWVqYMghuSyHh8+2HUH0Js9cTC1WAdg==}
    engines: {node: '>=23.5.0 || ^22.13.0 || ^20.17.0'}

  '@inquirer/input@5.1.6':
    resolution: {integrity: sha512-HtcJhB2QFVXbLuJ5S3syhNbTUVxYvwqV4VRBDkQceBloC9bmTViUoRFP5PbSaDZb3HzfPmpuU/gG4ybVBz4FHA==}
    engines: {node: '>=23.5.0 || ^22.13.0 || ^20.17.0'}
    peerDependencies:
      '@types/node': '>=18'
    peerDependenciesMeta:
      '@types/node':
        optional: true

  '@inquirer/number@4.2.3':
    resolution: {integrity: sha512-6Yuwh1NGSbu1Lo4N1EWjXs1jKRntLg/ZCwhmeorEHde90v1XxAozdbd4Iu30eOQLW+6h1hp2O9ujNfLSbTPJnA==}
    engines: {node: '>=23.5.0 || ^22.13.0 || ^20.17.0'}
    peerDependencies:
      '@types/node': '>=18'
    peerDependenciesMeta:
      '@types/node':
        optional: true

  '@inquirer/password@5.2.2':
    resolution: {integrity: sha512-W9zYdyzogK+6110mqwaSJWCBu2yA5Q/OfnGSjjZB1bNpHlmUozXxTl0+QOZBNeVd6Qo81/qT75gW05gLAtITxw==}
    engines: {node: '>=23.5.0 || ^22.13.0 || ^20.17.0'}
    peerDependencies:
      '@types/node': '>=18'
    peerDependenciesMeta:
      '@types/node':
        optional: true

  '@inquirer/prompts@8.7.2':
    resolution: {integrity: sha512-QoRB4wFIjgH5iOhSjoIKMkTvSHDuV+O3OITlIqAYO0oK5x364GJILXiMBvlPiE+klg7Xx9tq5XVqQHcGUDYYPA==}
    engines: {node: '>=23.5.0 || ^22.13.0 || ^20.17.0'}
    peerDependencies:
      '@types/node': '>=18'
    peerDependenciesMeta:
      '@types/node':
        optional: true

  '@inquirer/rawlist@5.3.5':
    resolution: {integrity: sha512-1oHky1ONfCOwNrnkQGDE1oaSij/3fI6HFMSf2H/WsGO2lEyDX9My82iggITSy9ddSZ8yk8j9v41OI0fVoSIoaA==}
    engines: {node: '>=23.5.0 || ^22.13.0 || ^20.17.0'}
    peerDependencies:
      '@types/node': '>=18'
    peerDependenciesMeta:
      '@types/node':
        optional: true

  '@inquirer/search@4.3.3':
    resolution: {integrity: sha512-fyuIU1Nbpvwlikjg3gXwJFDI11+EFjqQ7P+iByfmivIKQ1vmaykNrD/vy5unHuUqUpsOsnvJ25//tPF7E/RBRA==}
    engines: {node: '>=23.5.0 || ^22.13.0 || ^20.17.0'}
    peerDependencies:
      '@types/node': '>=18'
    peerDependenciesMeta:
      '@types/node':
        optional: true

  '@inquirer/select@5.2.5':
    resolution: {integrity: sha512-9kc15hr8r/kI+3DO/xLog5nOzTz1jqsHXa6JBFzmQKhkoJ8Slda1I1L/uD8ZSZ9tF1yp79wwXe7mclvX1rqR2Q==}
    engines: {node: '>=23.5.0 || ^22.13.0 || ^20.17.0'}
    peerDependencies:
      '@types/node': '>=18'
    peerDependenciesMeta:
      '@types/node':
        optional: true

  '@inquirer/type@4.1.1':
    resolution: {integrity: sha512-yJoHYrMnxIsJZCY+0Vb66Dy3he3kL3e2wOBKhoSwWWAzZAY82emlxwgprCtp6yRixvNRNq9ztfRWQYPNr3Go7A==}
    engines: {node: '>=23.5.0 || ^22.13.0 || ^20.17.0'}
    peerDependencies:
      '@types/node': '>=18'
    peerDependenciesMeta:
      '@types/node':
        optional: true

  '@octokit/auth-token@6.0.0':
    resolution: {integrity: sha512-P4YJBPdPSpWTQ1NU4XYdvHvXJJDxM6YwpS0FZHRgP7YFkdVxsWcpWGy/NVqlAA7PcPCnMacXlRm1y2PFZRWL/w==}
    engines: {node: '>= 20'}

  '@octokit/core@7.0.8':
    resolution: {integrity: sha512-L7y8eYc+AwxGr2PWI4WFt1VG4TiJ66c26BD16mXpYIlXxG0SMigM1+m4aTSlYyBr5BlQsGAlz8uDCoZN4SEMcg==}
    engines: {node: '>= 20'}

  '@octokit/endpoint@11.0.5':
    resolution: {integrity: sha512-iXa654H3yFafF/ieHkukfbgWo2rmXD2ceD0ZOtrPhw1bc3FDch1d9N/TNs0FQ1/cIbwb7kspUX8jzIs8nzb9DQ==}
    engines: {node: '>= 20'}

  '@octokit/graphql@9.0.5':
    resolution: {integrity: sha512-bt/hm03LeU6Vy7FwTrkkC9p3XGT/lBwClglMqxBSe5/q0E5CdJTXeAqEI0vlw89/LF/G6tryTIH8HirZ3prMVg==}
    engines: {node: '>= 20'}

  '@octokit/openapi-types@27.0.0':
    resolution: {integrity: sha512-whrdktVs1h6gtR+09+QsNk2+FO+49j6ga1c55YZudfEG+oKJVvJLQi3zkOm5JjiUXAagWK2tI2kTGKJ2Ys7MGA==}

  '@octokit/openapi-types@29.0.1':
    resolution: {integrity: sha512-9qWOMFNxxLokERcms42rU0PTLqQmVs7g5E41TI4mCOxmpFayD1rfC7XxOL55cG9MBZLFlC31BrR37myMKardwg==}

  '@octokit/plugin-paginate-rest@14.0.0':
    resolution: {integrity: sha512-fNVRE7ufJiAA3XUrha2omTA39M6IXIc6GIZLvlbsm8QOQCYvpq/LkMNGyFlB1d8hTDzsAXa3OKtybdMAYsV/fw==}
    engines: {node: '>= 20'}
    peerDependencies:
      '@octokit/core': '>=6'

  '@octokit/plugin-request-log@6.0.0':
    resolution: {integrity: sha512-UkOzeEN3W91/eBq9sPZNQ7sUBvYCqYbrrD8gTbBuGtHEuycE4/awMXcYvx6sVYo7LypPhmQwwpUe4Yyu4QZN5Q==}
    engines: {node: '>= 20'}
    peerDependencies:
      '@octokit/core': '>=6'

  '@octokit/plugin-rest-endpoint-methods@17.0.0':
    resolution: {integrity: sha512-B5yCyIlOJFPqUUeiD0cnBJwWJO8lkJs5d8+ze9QDP6SvfiXSz1BF+91+0MeI1d2yxgOhU/O+CvtiZ9jSkHhFAw==}
    engines: {node: '>= 20'}
    peerDependencies:
      '@octokit/core': '>=6'

  '@octokit/request-error@7.1.2':
    resolution: {integrity: sha512-XZRuT3xZ84D3gYErI1DZvhJ33dCWVV6uzBtWkaBB4TvA/L6eOeTZodxLFVB44bBEEo3vEx7y00UfX1tBLrtLRg==}
    engines: {node: '>= 20'}

  '@octokit/request@10.0.16':
    resolution: {integrity: sha512-A0zWGjHzISIb+9ccG8s0dq7LKO5zVpJLRICjgUb+sJxEWqn8RUHB1rD3AE51+PECvXHIxqZ1VVvs4fHTSD9nUQ==}
    engines: {node: '>= 20'}

  '@octokit/rest@22.0.1':
    resolution: {integrity: sha512-Jzbhzl3CEexhnivb1iQ0KJ7s5vvjMWcmRtq5aUsKmKDrRW6z3r84ngmiFKFvpZjpiU/9/S6ITPFRpn5s/3uQJw==}
    engines: {node: '>= 20'}

  '@octokit/types@16.0.0':
    resolution: {integrity: sha512-sKq+9r1Mm4efXW1FCk7hFSeJo4QKreL/tTbR0rz/qx/r1Oa2VV83LTA/H/MuCOX7uCIJmQVRKBcbmWoySjAnSg==}

  '@octokit/types@18.0.0':
    resolution: {integrity: sha512-l6bAF43PNxkJp6g+W4PjoUSSkxHomXw2nOum5CTftJz1NlV3vu93NImgOYtLf6CbBUb5j+fiuzW0PPQ5JTSvZA==}

  '@phun-ky/typeof@2.0.3':
    resolution: {integrity: sha512-oeQJs1aa8Ghke8JIK9yuq/+KjMiaYeDZ38jx7MhkXncXlUKjqQ3wEm2X3qCKyjo+ZZofZj+WsEEiqkTtRuE2xQ==}
    engines: {node: ^20.9.0 || >=22.0.0, npm: '>=10.8.2'}

  '@types/parse-path@7.1.0':
    resolution: {integrity: sha512-EULJ8LApcVEPbrfND0cRQqutIOdiIgJ1Mgrhpy755r14xMohPTEpkV/k28SJvuOs9bHRFW8x+KeDAEPiGQPB9Q==}
    deprecated: This is a stub types definition. parse-path provides its own type definitions, so you do not need this installed.

  agent-base@9.0.0:
    resolution: {integrity: sha512-TQf59BsZnytt8GdJKLPfUZ54g/iaUL2OWDSFCCvMOhsHduDQxO8xC4PNeyIkVcA5KwL2phPSv0douC0fgWzmnA==}
    engines: {node: '>= 20'}

  ansi-regex@6.3.0:
    resolution: {integrity: sha512-WpDfL7NO6j7tH88IDBNVdUJxDh9nmCteAVW9dsep846XdwF4naCBK+/tGLX3KJgcpgMRXCFlTM2hKGoK9FsdrQ==}
    engines: {node: '>=12'}

  ast-types@0.13.4:
    resolution: {integrity: sha512-x1FCFnFifvYDDzTaLII71vG5uvDwgtmDTEVWAxrgeiR8VjMONcCXJx7E+USjDtHlwFmt9MysbqgF9b9Vjr6w+w==}
    engines: {node: '>=4'}

  async-retry@1.3.3:
    resolution: {integrity: sha512-wfr/jstw9xNi/0teMHrRW7dsz3Lt5ARhYNZ2ewpadnhaIp5mbALhOAP+EAdsC7t4Z6wqsDVv9+W6gm1Dk9mEyw==}

  basic-ftp@5.3.1:
    resolution: {integrity: sha512-bopVNp6ugyA150DDuZfPFdt1KZ5a94ZDiwX4hMgZDzF+GttD80lEy8kj98kbyhLXnPvhtIo93mdnLIjpCAeeOw==}
    engines: {node: '>=10.0.0'}

  before-after-hook@4.0.0:
    resolution: {integrity: sha512-q6tR3RPqIB1pMiTRMFcZwuG5T8vwp+vUvEG0vuI6B+Rikh5BfPp2fQ82c925FOs+b0lcFQ8CFrL+KbilfZFhOQ==}

  bundle-name@4.1.0:
    resolution: {integrity: sha512-tjwM5exMg6BGRI+kNmTntNsvdZS1X8BFYS6tnJ2hdH0kVxM6/eVZ2xy+FqStSWvYmtfFMDLIxurorHwDKfDz5Q==}
    engines: {node: '>=18'}

  c12@3.3.4:
    resolution: {integrity: sha512-cM0ApFQSBXuourJejzwv/AuPRvAxordTyParRVcHjjtXirtkzM0uK2L9TTn9s0cXZbG7E55jCivRQzoxYmRAlA==}
    peerDependencies:
      magicast: '*'
    peerDependenciesMeta:
      magicast:
        optional: true

  chalk@5.6.2:
    resolution: {integrity: sha512-7NzBL0rN6fMUW+f7A6Io4h40qQlG+xGmtMxfbnH/K7TAtt8JQWVQK+6g0UXKMeVJoyV5EkkNsErQ8pVD3bLHbA==}
    engines: {node: ^12.17.0 || ^14.13 || >=16.0.0}

  chardet@2.2.0:
    resolution: {integrity: sha512-rddelWYNPRrXq6PtNEN2S3f6t9ILzvqaN5pVgi4kqt9jHQaXIial9PznB5iSPVlQSLNaaH22ItWz3EJtQ10+OA==}

  chokidar@5.0.0:
    resolution: {integrity: sha512-TQMmc3w+5AxjpL8iIiwebF73dRDF4fBIieAqGn9RGCWaEVwQ6Fb2cGe31Yns0RRIzii5goJ1Y7xbMwo1TxMplw==}
    engines: {node: '>= 20.19.0'}

  ci-info@4.4.0:
    resolution: {integrity: sha512-77PSwercCZU2Fc4sX94eF8k8Pxte6JAwL4/ICZLFjJLqegs7kCuAsqqj/70NQF6TvDpgFjkubQB2FW2ZZddvQg==}
    engines: {node: '>=8'}

  cli-cursor@5.0.0:
    resolution: {integrity: sha512-aCj4O5wKyszjMmDT4tZj93kxyydN/K5zPWSCe6/0AV/AA1pqe5ZBIw0a2ZfPQV7lL5/yb5HsUreJ6UFAF1tEQw==}
    engines: {node: '>=18'}

  cli-spinners@3.4.0:
    resolution: {integrity: sha512-bXfOC4QcT1tKXGorxL3wbJm6XJPDqEnij2gQ2m7ESQuE+/z9YFIWnl/5RpTiKWbMq3EVKR4fRLJGn6DVfu0mpw==}
    engines: {node: '>=18.20'}

  cli-width@4.1.0:
    resolution: {integrity: sha512-ouuZd4/dm2Sw5Gmqy6bGyNNNe1qt9RpmxveLSO7KcgsTnU7RXfsw+/bukWGo1abgBiMAic068rclZsO4IWmmxQ==}
    engines: {node: '>= 12'}

  confbox@0.2.4:
    resolution: {integrity: sha512-ysOGlgTFbN2/Y6Cg3Iye8YKulHw+R2fNXHrgSmXISQdMnomY6eNDprVdW9R5xBguEqI954+S6709UyiO7B+6OQ==}

  confbox@0.3.1:
    resolution: {integrity: sha512-cKUSoKa8YxFZZSmraVi7onONx3amu77ngK3kGpsYHDH7drPwCRkQE1RYMPlLRrMtnciRj274XNRxcHxnKmDSnA==}

  content-type@3.1.1:
    resolution: {integrity: sha512-GW4qUsfFo59d0HbUibDlWv5wPz+vAAcaTWbKIuKCf0JkC7wWkSyf8f13IpXn5JkeMlB2P8iTSSIjwXljorg2vA==}
    engines: {node: '>=22'}

  data-uri-to-buffer@8.0.0:
    resolution: {integrity: sha512-6UHfyCux51b8PTGDgveqtz1tvphBku5DrMKKJbFAZAJOI2zsjDpDoYE1+QGj7FOMS4BdTFNJsJiR3zEB0xH0yQ==}
    engines: {node: '>= 20'}

  debug@4.4.3:
    resolution: {integrity: sha512-RGwwWnwQvkVfavKVt22FGLw+xYSdzARwm0ru6DhTVA3umU5hZc28V3kO4stgYryrTlLpuvgI9GiijltAjNbcqA==}
    engines: {node: '>=6.0'}
    peerDependencies:
      supports-color: '*'
    peerDependenciesMeta:
      supports-color:
        optional: true

  default-browser-id@5.0.1:
    resolution: {integrity: sha512-x1VCxdX4t+8wVfd1so/9w+vQ4vx7lKd2Qp5tDRutErwmR85OgmfX7RlLRMWafRMY7hbEiXIbudNrjOAPa/hL8Q==}
    engines: {node: '>=18'}

  default-browser@5.5.1:
    resolution: {integrity: sha512-m1pAzaJgZ/gssEqlOhJkPJp8Xly7QyW6xcrkUa2KKcDeDSEMP7X8xipU3snUcfisTQx0w1AGae+9UtJSfVnXGw==}
    engines: {node: '>=18'}

  define-lazy-prop@3.0.0:
    resolution: {integrity: sha512-N+MeXYoqr3pOgn8xfyRPREN7gHakLYjhsHhWGT3fWAiL4IkAt0iDw14QiiEm2bE30c5XX5q0FtAA3CK5f9/BUg==}
    engines: {node: '>=12'}

  defu@6.1.7:
    resolution: {integrity: sha512-7z22QmUWiQ/2d0KkdYmANbRUVABpZ9SNYyH5vx6PZ+nE5bcC0l7uFvEfHlyld/HcGBFTL536ClDt3DEcSlEJAQ==}

  degenerator@7.0.1:
    resolution: {integrity: sha512-ABErK0IefDSyHjlPH7WUEenIAX2rPPnrDcDM+TS3z3+zu9TfyKKi07BQM+8rmxpdE2y1v5fjjdoAS/x4D2U60w==}
    engines: {node: '>= 20'}
    peerDependencies:
      quickjs-wasi: ^2.2.0

  destr@2.0.5:
    resolution: {integrity: sha512-ugFTXCtDZunbzasqBxrK93Ik/DRYsO6S/fedkWEMKqt04xZ4csmnmwGDBAb07QWNaGMAmnTIemsYZCksjATwsA==}

  dotenv@17.4.2:
    resolution: {integrity: sha512-nI4U3TottKAcAD9LLud4Cb7b2QztQMUEfHbvhTH09bqXTxnSie8WnjPALV/WMCrJZ6UV/qHJ6L03OqO3LcdYZw==}
    engines: {node: '>=12'}

  escodegen@2.1.0:
    resolution: {integrity: sha512-2NlIDTwUWJN0mRPQOdtQBzbUHvdGY2P1VXSyU83Q3xKxM7WHX2Ql8dKq782Q9TgQUNOLEzEYu9bzLNj1q88I5w==}
    engines: {node: '>=6.0'}
    hasBin: true

  esprima@4.0.1:
    resolution: {integrity: sha512-eGuFFw7Upda+g4p+QHvnW0RyTX/SVeJBDM/gCtMARO0cLuT2HcEKnTPvhjV6aGeqrCB/sbNop0Kszm0jsaWU4A==}
    engines: {node: '>=4'}
    hasBin: true

  estraverse@5.3.0:
    resolution: {integrity: sha512-MMdARuVEQziNTeJD8DgMqmhwR11BRQ/cBP+pLtYdSTnf3MIO8fFeiINEbX36ZdNlfU/7A9f3gUw49B3oQsvwBA==}
    engines: {node: '>=4.0'}

  esutils@2.0.3:
    resolution: {integrity: sha512-kVscqXk4OCp68SZ0dkgEKVi6/8ij300KBWTJq32P/dYeWTSwK41WyTxalN1eRmA5Z9UU/LX9D7FWSmV9SAYx6g==}
    engines: {node: '>=0.10.0'}

  eta@4.6.0:
    resolution: {integrity: sha512-lW6is4T1NFOYnmqGZIfvixqj7A7sSvScF+DN8EK6K58xI5MZ5UvYe0GjopxOXQtZvUn4eDdVuZ8XSoYWTMEKwA==}
    engines: {node: '>=20'}

  exsolve@1.1.1:
    resolution: {integrity: sha512-9U/jZUgjnSGyntRr6y5Muu1MJcwFl6kPu7k8qLF0IMNfLqvw0NZ4nnVDq0RVoZ0RvCyumib4Ez3KYrVfilrw+g==}

  fast-string-truncated-width@3.0.3:
    resolution: {integrity: sha512-0jjjIEL6+0jag3l2XWWizO64/aZVtpiGE3t0Zgqxv0DPuxiMjvB3M24fCyhZUO4KomJQPj3LTSUnDP3GpdwC0g==}

  fast-string-width@3.0.2:
    resolution: {integrity: sha512-gX8LrtNEI5hq8DVUfRQMbr5lpaS4nMIWV+7XEbXk2b8kiQIizgnlr12B4dA3ZEx3308ze0O4Q1R+cHts8kyUJg==}

  fast-wrap-ansi@0.2.2:
    resolution: {integrity: sha512-7F2Fl+TjRSenLqlU3UjSH0iyqopqoZIu7eZVpEirP2g1GtWa2G/ecEmBdgz31+Mxr+ELclgg6sokpSFIQiZ02Q==}

  fdir@6.5.0:
    resolution: {integrity: sha512-tIbYtZbucOs0BRGqPJkshJUYdL+SDH7dVM8gjy+ERp3WAUjLEFJE+02kanyHtwjWOnwrKYBiwAmM0p4kLJAnXg==}
    engines: {node: '>=12.0.0'}
    peerDependencies:
      picomatch: ^3 || ^4
    peerDependenciesMeta:
      picomatch:
        optional: true

  get-east-asian-width@1.7.0:
    resolution: {integrity: sha512-XjH1AECxf0giL2V1aU8vKyRR2ppRUb5c0EvT7zuJTokQ74bNo52zOtghqdWIqrhUD79fo3x0WfKZdOqxF6LG1Q==}
    engines: {node: '>=18'}

  get-uri@8.0.1:
    resolution: {integrity: sha512-/5N/P4Lrh0p/mDwlDRi7Y1+P2o/OyzZI3l6Iz1Ov6XXwwm1y3RlZLuo3gVgML99djrEDtV980bBxSuOeHLk8ww==}
    engines: {node: '>= 20'}

  giget@3.3.1:
    resolution: {integrity: sha512-r+mvuDjrjMpsdw46Kmeydb8bdHm7wOKw8wNBtTndkjbPjgAp5oUJUxRE76wZFknxIPokfWvep2qSXK37aXE6zg==}
    hasBin: true

  git-up@8.1.1:
    resolution: {integrity: sha512-FDenSF3fVqBYSaJoYy1KSc2wosx0gCvKP+c+PRBht7cAaiCeQlBtfBDX9vgnNOHmdePlSFITVcn4pFfcgNvx3g==}

  git-url-parse@16.1.0:
    resolution: {integrity: sha512-cPLz4HuK86wClEW7iDdeAKcCVlWXmrLpb2L+G9goW0Z1dtpNS6BXXSOckUTlJT/LDQViE1QZKstNORzHsLnobw==}

  http-proxy-agent@9.1.0:
    resolution: {integrity: sha512-2NxoveTT58mjYT4n3RPTEfCZGLMbidoO8XEieXfpSYxu+PQJ1qpx4ypwH6N+uF9twBPIvRRgvkvW5HUTYWENig==}
    engines: {node: '>= 20'}

  https-proxy-agent@9.1.0:
    resolution: {integrity: sha512-ag87y7cJJ9/3+GxFr8Oy4O5faDsGRGnBGsJj/YjOSsSx/5eadKLYTMPlzuR6obgoCDDm0abAAZitXXQkMOPSpA==}
    engines: {node: '>= 20'}

  iconv-lite@0.7.3:
    resolution: {integrity: sha512-IKXpvIzjnC9XTAUbVBcMfGS0EPaIXtW6v+zr+RRp+hqULEpo0owZax6wyRwPOJbWbzjYspQwusTsfVr0ifh4uQ==}
    engines: {node: '>=0.10.0'}

  ip-address@10.7.2:
    resolution: {integrity: sha512-7H/2gFSIitxc0hG3nOI1glS8QLo/EHBFFLk8vEUjXY/xu0AdL8jZ9U1IzO2PUm0d2D/ofQcAifb0g6OBkt8U7w==}
    engines: {node: '>= 12'}

  is-docker@3.0.0:
    resolution: {integrity: sha512-eljcgEDlEns/7AXFosB5K/2nCM4P7FQPkGc/DWLy5rmFEWvZayGrik1d9/QIY5nJ4f9YsVvBkA6kJpHn9rISdQ==}
    engines: {node: ^12.20.0 || ^14.13.1 || >=16.0.0}
    hasBin: true

  is-in-ssh@1.0.0:
    resolution: {integrity: sha512-jYa6Q9rH90kR1vKB6NM7qqd1mge3Fx4Dhw5TVlK1MUBqhEOuCagrEHMevNuCcbECmXZ0ThXkRm+Ymr51HwEPAw==}
    engines: {node: '>=20'}

  is-inside-container@1.0.0:
    resolution: {integrity: sha512-KIYLCCJghfHZxqjYBE7rEy0OBuTd5xCHS7tHVgvCLkx7StIoaxwNW3hCALgEUjFfeRk+MG/Qxmp/vtETEF3tRA==}
    engines: {node: '>=14.16'}
    hasBin: true

  is-interactive@2.0.0:
    resolution: {integrity: sha512-qP1vozQRI+BMOPcjFzrjXuQvdak2pHNUMZoeG2eRbiSqyvbEf/wQtEOTOX1guk6E3t36RkaqiSt8A/6YElNxLQ==}
    engines: {node: '>=12'}

  is-ssh@1.4.1:
    resolution: {integrity: sha512-JNeu1wQsHjyHgn9NcWTaXq6zWSR6hqE0++zhfZlkFBbScNkyvxCdeV8sRkSBaeLKxmbpR21brail63ACNxJ0Tg==}

  is-unicode-supported@2.1.0:
    resolution: {integrity: sha512-mE00Gnza5EEB3Ds0HfMyllZzbBrmLOX3vfWoj9A9PEnTfratQ/BcaJOuMhnkhjXvb2+FkY3VuHqtAGpTPmglFQ==}
    engines: {node: '>=18'}

  is-wsl@3.1.1:
    resolution: {integrity: sha512-e6rvdUCiQCAuumZslxRJWR/Doq4VpPR82kqclvcS0efgt430SlGIk05vdCN58+VrzgtIcfNODjozVielycD4Sw==}
    engines: {node: '>=16'}

  issue-parser@7.0.2:
    resolution: {integrity: sha512-7atWPjhGEIX3JEtMrOYd8TKzboYlq+5sNbdl9POiLYOI14G5HZiQbZP0Xj5EZdrufQVXfJlpTV0hys0CuxwxZw==}
    engines: {node: ^18.17 || >=20.6.1}

  jiti@2.7.0:
    resolution: {integrity: sha512-AC/7JofJvZGrrneWNaEnJeOLUx+JlGt7tNa0wZiRPT4MY1wmfKjt2+6O2p2uz2+skll8OZZmJMNqeke7kKbNgQ==}
    hasBin: true

  json-with-bigint@3.5.12:
    resolution: {integrity: sha512-uwbF/wSSuOgC7qqlq27Xp5B6a2MHVug3t0idZdTqu0JnlFvgJuH7ju+KAk/J06C7GfhoYy2gnb9wz2INqcne7w==}

  lodash.capitalize@4.2.1:
    resolution: {integrity: sha512-kZzYOKspf8XVX5AvmQF94gQW0lejFVgb80G85bU4ZWzoJ6C03PQg3coYAUpSTpQWelrZELd3XWgHzw4Ck5kaIw==}

  lodash.escaperegexp@4.1.2:
    resolution: {integrity: sha512-TM9YBvyC84ZxE3rgfefxUWiQKLilstD6k7PTGt6wfbtXF8ixIJLOL3VYyV/z+ZiPLsVxAsKAFVwWlWeb2Y8Yyw==}

  lodash.isplainobject@4.0.6:
    resolution: {integrity: sha512-oSXzaWypCMHkPC3NvBEaPHf0KsA5mvPrOPgQWDsbg8n7orZ290M0BmC/jgRZ4vcJ6DTAhjrsSYgdsW/F+MFOBA==}

  lodash.isstring@4.0.1:
    resolution: {integrity: sha512-0wJxfxH1wgO3GrbuP+dTTk7op+6L41QCXbGINEmD+ny/G/eCqGzxyCsh7159S+mgDDcoarnBw6PC1PS5+wUGgw==}

  lodash.merge@4.6.2:
    resolution: {integrity: sha512-0KpjqXRVvrYyCsX1swR/XTK0va6VQkQM6MNo7PqW77ByjAhoARA8EfrP1N4+KlKj8YS0ZUCtRT/YUuhyYDujIQ==}

  lodash.uniqby@4.7.0:
    resolution: {integrity: sha512-e/zcLx6CSbmaEgFHCA7BnoQKyCtKMxnuWrJygbwPs/AIn+IMKl66L8/s+wBUn5LRw2pZx3bUHibiV1b6aTWIww==}

  log-symbols@7.0.1:
    resolution: {integrity: sha512-ja1E3yCr9i/0hmBVaM0bfwDjnGy8I/s6PP4DFp+yP+a+mrHO4Rm7DtmnqROTUkHIkqffC84YY7AeqX6oFk0WFg==}
    engines: {node: '>=18'}

  lru-cache@7.18.3:
    resolution: {integrity: sha512-jumlc0BIUrS3qJGgIkWZsyfAM7NCWiBcCDhnd+3NNM5KbBmLTgHVfWBcg6W+rLUsIpzpERPsvwUP7CckAQSOoA==}
    engines: {node: '>=12'}

  macos-release@3.5.1:
    resolution: {integrity: sha512-Lci/1in+elqZ589PXnfP/iwZXpwQifTM94WJRQwG2tZSdfY7NfB/aUaTARHrohWCgHlXoabeaeXRDOnF5X9JQw==}
    engines: {node: ^12.20.0 || ^14.13.1 || >=16.0.0}

  mime-db@1.54.0:
    resolution: {integrity: sha512-aU5EJuIN2WDemCcAp2vFBfp/m4EAhWJnUNSSw0ixs7/kXbd6Pg64EmwJkNdFhB8aWt1sH2CTXrLxo/iAGV3oPQ==}
    engines: {node: '>= 0.6'}

  mime-types@3.0.2:
    resolution: {integrity: sha512-Lbgzdk0h4juoQ9fCKXW4by0UJqj+nOOrI9MJ1sSj4nI8aI2eo1qmvQEie4VD1glsS250n15LsWsYtCugiStS5A==}
    engines: {node: '>=18'}

  mimic-function@5.0.1:
    resolution: {integrity: sha512-VP79XUPxV2CigYP3jWwAUFSku2aKqBH7uTAapFWCBqutsbmDo96KY5o8uh6U+/YSIn5OxJnXp73beVkpqMIGhA==}
    engines: {node: '>=18'}

  ms@2.1.3:
    resolution: {integrity: sha512-6FlzubTLZG3J2a/NVCAleEhjzq5oxgHyaCU9yYXvcLsvoVaHJq/s5xXI6/XXP6tz7R9xAOtHnSO/tXtF3WRTlA==}

  mute-stream@3.0.0:
    resolution: {integrity: sha512-dkEJPVvun4FryqBmZ5KhDo0K9iDXAwn08tMLDinNdRBNPcYEDiWYysLcc6k3mjTMlbP9KyylvRpd4wFtwrT9rw==}
    engines: {node: ^20.17.0 || >=22.9.0}

  netmask@2.1.1:
    resolution: {integrity: sha512-eonl3sLUha+S1GzTPxychyhnUzKyeQkZ7jLjKrBagJgPla13F+uQ71HgpFefyHgqrjEbCPkDArxYsjY8/+gLKA==}
    engines: {node: '>= 0.4.0'}

  new-github-release-url@2.0.0:
    resolution: {integrity: sha512-NHDDGYudnvRutt/VhKFlX26IotXe1w0cmkDm6JGquh5bz/bDTw0LufSmH/GxTjEdpHEO+bVKFTwdrcGa/9XlKQ==}
    engines: {node: ^12.20.0 || ^14.13.1 || >=16.0.0}

  ohash@2.0.12:
    resolution: {integrity: sha512-65S/5gk9YSsaRjcyf7Nfa6h/d3E8/1gslpXfI4W7Dxn/oap8IKRuNT5VXkLQ1YFKIEg4apRY4Pj6aiwFzrDdmw==}

  onetime@7.0.0:
    resolution: {integrity: sha512-VXJjc87FScF88uafS3JllDgvAm+c/Slfz06lorj2uAY34rlUu0Nt+v8wreiImcrgAjjIHp1rXpTDlLOGw29WwQ==}
    engines: {node: '>=18'}

  open@11.0.4:
    resolution: {integrity: sha512-++Zlftm0kVLPmzC06t6epuWmcRMDbI4z5P3NNX979WA/k23+NtSOynEGzsVfZwguKw2mi5umVgnBlJQMwRz4Pg==}
    engines: {node: '>=20'}

  ora@9.4.1:
    resolution: {integrity: sha512-6VlU9MLXbjVQD04AZCMX28hVtA5bUoadvUqO76MUCVA0ilwJbMiHsITRPfyVm6p/BC0Av/BXMujx39WCe1LEqw==}
    engines: {node: '>=20'}

  os-name@7.0.0:
    resolution: {integrity: sha512-/HfRU/lPPr4T2VigM+cvM3cU77es+XF4OEAa4aE5zpdvrxHGD2NmH0AFIWpMNAb+CsZL45rlcIO49Re0ZcRseg==}
    engines: {node: '>=20'}

  pac-proxy-agent@9.1.0:
    resolution: {integrity: sha512-1aU+1mpj3DrQPfo3gh+3Gap3G5x+axnMx1P/y0ZF2ch7kb2meyOCAH8K2k9d27ROsTE7TnAerzxqF9aon2jqnA==}
    engines: {node: '>= 20'}

  pac-resolver@9.0.1:
    resolution: {integrity: sha512-lJbS008tmkj08VhoM8Hzuv/VE5tK9MS0OIQ/7+s0lIF+BYhiQWFYzkSpML7lXs9iBu2jfmzBTLzhe9n6BX+dYw==}
    engines: {node: '>= 20'}
    peerDependencies:
      quickjs-wasi: ^2.2.0

  parse-path@7.1.0:
    resolution: {integrity: sha512-EuCycjZtfPcjWk7KTksnJ5xPMvWGA/6i4zrLYhRG0hGvC3GPU/jGUj3Cy+ZR0v30duV3e23R95T1lE2+lsndSw==}

  parse-url@9.2.0:
    resolution: {integrity: sha512-bCgsFI+GeGWPAvAiUv63ZorMeif3/U0zaXABGJbOWt5OH2KCaPHF6S+0ok4aqM9RuIPGyZdx9tR9l13PsW4AYQ==}
    engines: {node: '>=14.13.0'}

  pathe@2.0.3:
    resolution: {integrity: sha512-WUjGcAqP1gQacoQe+OBJsFA7Ld4DyXuUIjZ5cc75cLHvJ7dtNsTugphxIADwspS+AraAUePCKrSVtPLFj/F88w==}

  perfect-debounce@2.1.0:
    resolution: {integrity: sha512-LjgdTytVFXeUgtHZr9WYViYSM/g8MkcTPYDlPa3cDqMirHjKiSZPYd6DoL7pK8AJQr+uWkQvCjHNdiMqsrJs+g==}

  picomatch@4.0.7:
    resolution: {integrity: sha512-qcJu88Q2IWqJsDD529JKMdwGm/dvInW4HvQnRwiH9JtihJvzGOscDtHE3x1pBKeUOTysQ8kVmLnJ2kJu7yhcGA==}
    engines: {node: '>=12'}

  pkg-types@2.3.3:
    resolution: {integrity: sha512-j/lCFdcppV0JxWpCEITdbDltBxPP6cHT+yNJ6Go2OgoSA9518X847X9z0p6LtA4Nc16+eQzCZjRrWanTGvHJ5w==}

  powershell-utils@0.1.0:
    resolution: {integrity: sha512-dM0jVuXJPsDN6DvRpea484tCUaMiXWjuCn++HGTqUWzGDjv5tZkEZldAJ/UMlqRYGFrD/etByo4/xOuC/snX2A==}
    engines: {node: '>=20'}

  powershell-utils@0.2.1:
    resolution: {integrity: sha512-C+y9x90UElAddDZmV4qOx9W53B61PO7cIqWz2dQsWlwswuq4mr8NEwytdGKboYbQlGZ3awrkTeNvcZiZNHnQ8A==}
    engines: {node: '>=20'}

  protocols@2.0.2:
    resolution: {integrity: sha512-hHVTzba3wboROl0/aWRRG9dMytgH6ow//STBZh43l/wQgmMhYhOFi0EHWAPtoCz9IAUymsyP0TSBHkhgMEGNnQ==}

  proxy-agent-negotiate@1.1.0:
    resolution: {integrity: sha512-N8IBcM3UgCVzz2L2Lqv8DVntDnnC8/hiV4nEDUPkqq72TPUgYWjQc+bdZlBPZK9LzPAvOY//gAt0S0DApoOXWQ==}
    engines: {node: '>= 20'}
    peerDependencies:
      kerberos: ^2.0.0
    peerDependenciesMeta:
      kerberos:
        optional: true

  proxy-agent@8.0.2:
    resolution: {integrity: sha512-idLLRewuemWd7GH/BDJzGiB0dWGfT2SQs3jy6NtZtGWU9uPTTSdeC1/cdbqLwgzhfv027daGFuXX426e2Eg20A==}
    engines: {node: '>= 20'}

  proxy-from-env@2.1.0:
    resolution: {integrity: sha512-cJ+oHTW1VAEa8cJslgmUZrc+sjRKgAKl3Zyse6+PV38hZe/V6Z14TbCuXcan9F9ghlz4QrFr2c92TNF82UkYHA==}
    engines: {node: '>=10'}

  quickjs-wasi@2.2.0:
    resolution: {integrity: sha512-zQxXmQMrEoD3S+jQdYsloq4qAuaxKFHZj6hHqOYGwB2iQZH+q9e/lf5zQPXCKOk0WJuAjzRFbO4KwHIp2D05Iw==}

  rc9@3.1.0:
    resolution: {integrity: sha512-ufjkNVzbRHKcCOmTahZkmVsyc3W+MSk3jY03m+a7tGHkIsdVMG9l10/3HvFbWkkKzY5VFp3pkRsIo/UYgmFL7Q==}

  readdirp@5.1.1:
    resolution: {integrity: sha512-Kko+Y5XQ6fM+Ce3dq3m9YGxnacYZYl9cA1wZjaF3Vbry2L3i1qVg8+CAgNPsXRArPMUMCaOR7oa9Nqntc43JKA==}
    engines: {node: '>= 20.19.0'}

  release-it@21.1.0:
    resolution: {integrity: sha512-jR179wu8Z9BKfhd0wVmUmzjshCnezUkULdHW5rSCjKTXApdr6mAJjw/R339uXS43mLCz6iAFO6ffS27+N1dy8A==}
    engines: {node: ^22.22.2 || ^24.15.0 || >=26.0.0}
    hasBin: true

  restore-cursor@5.1.0:
    resolution: {integrity: sha512-oMA2dcrw6u0YfxJQXm342bFKX/E4sG9rbTzO9ptUcR/e8A33cHuvStiYOwH7fszkZlZ1z/ta9AAoPk2F4qIOHA==}
    engines: {node: '>=18'}

  retry@0.13.1:
    resolution: {integrity: sha512-XQBQ3I8W1Cge0Seh+6gjj03LbmRFWuoszgK9ooCpwYIrhhoO80pfq4cUkU5DkknwfOfFteRwlZ56PYOGYyFWdg==}
    engines: {node: '>= 4'}

  run-applescript@7.1.0:
    resolution: {integrity: sha512-DPe5pVFaAsinSaV6QjQ6gdiedWDcRCbUuiQfQa2wmWV7+xC9bGulGI8+TdRmoFkAPaBXk8CrAbnlY2ISniJ47Q==}
    engines: {node: '>=18'}

  safer-buffer@2.1.2:
    resolution: {integrity: sha512-YZo3K82SD7Riyi0E1EQPojLz7kpepnSQI9IyPbHHg1XXXevb5dJI7tpyN2ADxGcQbHG7vcyRHk0cbwqcQriUtg==}

  signal-exit@4.1.0:
    resolution: {integrity: sha512-bzyZ1e88w9O1iNJbKnOlvYTrWPDl46O1bG0D3XInv+9tkPrxrN8jUUTiFlDkkmKWgn1M6CfIA13SuGqOa9Korw==}
    engines: {node: '>=14'}

  smart-buffer@4.2.0:
    resolution: {integrity: sha512-94hK0Hh8rPqQl2xXc3HsaBoOXKV20MToPkcXvwbISWLEs+64sBq5kFgn2kJDHb1Pry9yrP0dxrCI9RRci7RXKg==}
    engines: {node: '>= 6.0.0', npm: '>= 3.0.0'}

  socks-proxy-agent@10.1.0:
    resolution: {integrity: sha512-WlMj/67cEJ6MDI1OcsnjuYKDNDoyPCCYZ249kuuXPiMDw9F8PXkVaQ7YWu3siTydfQ/4BEZcvGzu+aYvz7dDCQ==}
    engines: {node: '>= 20'}

  socks@2.8.10:
    resolution: {integrity: sha512-e0VyvkVTwVYViNovRkZ9aodhxVlyoMn7eJhVUPxZ+eK9P/7CBkxvvsBOHqFPEH416726W8tLXXXjKwqgTErrCQ==}
    engines: {node: '>= 10.0.0', npm: '>= 3.0.0'}

  source-map@0.6.1:
    resolution: {integrity: sha512-UjgapumWlbMhkBgzT7Ykc5YXUT46F0iKu8SGXq0bcwP5dz/h0Plj6enJqjz1Zbq2l5WaqYnrVbwWOWMyF3F47g==}
    engines: {node: '>=0.10.0'}

  stdin-discarder@0.3.2:
    resolution: {integrity: sha512-eCPu1qRxPVkl5605OTWF8Wz40b4Mf45NY5LQmVPQ599knfs5QhASUm9GbJ5BDMDOXgrnh0wyEdvzmL//YMlw0A==}
    engines: {node: '>=18'}

  string-width@8.2.2:
    resolution: {integrity: sha512-GaPUh5gfdrYzqeVNZvUfT23vYYxXzKYidUcnMtJg/3rxRV63EFZy3k6xfKlmfeJD0176lnUV/Usr3XcwSvFzpg==}
    engines: {node: '>=20'}

  strip-ansi@7.2.0:
    resolution: {integrity: sha512-yDPMNjp4WyfYBkHnjIRLfca1i6KMyGCtsVgoKe/z1+6vukgaENdgGBZt+ZmKPc4gavvEZ5OgHfHdrazhgNyG7w==}
    engines: {node: '>=12'}

  tinyglobby@0.2.17:
    resolution: {integrity: sha512-wXR/dYpcqKmfWpEdZjiKJOwCNFndD0DMnrW/cYjVGttEkBfVgcLFHoNrlj47mjOVic9yyNu65alsgF4NQyTa2g==}
    engines: {node: '>=12.0.0'}

  tslib@2.8.1:
    resolution: {integrity: sha512-oJFu94HQb+KVduSUQL7wnpmqnfmLsOA/nAh6b6EH0wCEoK0/mPeXU6c3wKDV83MkOuHPRHtSXKKU99IBazS/2w==}

  type-fest@2.19.0:
    resolution: {integrity: sha512-RAH822pAdBgcNMAfWnCBU3CFZcfZ/i1eZjwFU/dsLKumyuuP3niueg2UAukXYF0E2AAoc82ZSSf9J0WQBinzHA==}
    engines: {node: '>=12.20'}

  undici@7.29.0:
    resolution: {integrity: sha512-IDxfleLmmbSskfWSUATiN1nfn2rDuvnMOqb5CWR92iIfojA0Ud+ulOAAEQ57LPr9rWmsreUyf5lwyao+7GNNVw==}
    engines: {node: '>=20.18.1'}

  universal-user-agent@7.0.3:
    resolution: {integrity: sha512-TmnEAEAsBJVZM/AADELsK76llnwcf9vMKuPz8JflO1frO8Lchitr0fNaN9d+Ap0BjKtqWqd/J17qeDnXh8CL2A==}

  url-join@5.0.0:
    resolution: {integrity: sha512-n2huDr9h9yzd6exQVnH/jU5mr+Pfx08LRXXZhkLLetAMESRj+anQsTAh940iMrIetKAmry9coFuZQ2jY8/p3WA==}
    engines: {node: ^12.20.0 || ^14.13.1 || >=16.0.0}

  verkit@0.4.0:
    resolution: {integrity: sha512-sXMwN6DMHeouPfCxkxWkKAmxphWKEenHYY5H1nIBzU3PmDsmJp6kBXJdshjVdpMZuWCmL9SH7KFRx29AylpP6g==}
    engines: {node: '>=18.12.0'}

  wildcard-match@5.1.4:
    resolution: {integrity: sha512-wldeCaczs8XXq7hj+5d/F38JE2r7EXgb6WQDM84RVwxy81T/sxB5e9+uZLK9Q9oNz1mlvjut+QtvgaOQFPVq/g==}

  windows-release@7.1.1:
    resolution: {integrity: sha512-0GBwC9WmR8Bm3WYiz3FC391054BsFHZ2gzBVdYj9uj5eIVYzbn/YPYCYW9SWdh9vwnLuzpn1UGwJKiMG4F236w==}
    engines: {node: '>=20'}

  wsl-utils@1.0.0:
    resolution: {integrity: sha512-Hl0ZOAs672vg+06kfujwRhoS6/jehvULrlFkuF2dRu6pHgA8U06h3xqNIqNNU1LTXPcedxByAR4GS6pwQK0mgA==}
    engines: {node: '>=20'}

  yoctocolors@2.2.0:
    resolution: {integrity: sha512-xYqdZFUK/VYazNl/oCDYN+3WloWQwMfZxBoiNt6qNyk+xfOdi598muWE42rNZFp1kNOiqW936q5RhUdnpqElSg==}
    engines: {node: '>=18'}

snapshots:

  '@inquirer/ansi@2.0.8': {}

  '@inquirer/checkbox@5.2.5':
    dependencies:
      '@inquirer/ansi': 2.0.8
      '@inquirer/core': 12.0.3
      '@inquirer/figures': 2.0.9
      '@inquirer/type': 4.1.1
    transitivePeerDependencies:
      - '@types/node'

  '@inquirer/confirm@6.3.2':
    dependencies:
      '@inquirer/core': 12.0.3
      '@inquirer/type': 4.1.1
    transitivePeerDependencies:
      - '@types/node'

  '@inquirer/core@12.0.3':
    dependencies:
      '@inquirer/ansi': 2.0.8
      '@inquirer/figures': 2.0.9
      '@inquirer/type': 4.1.1
      cli-width: 4.1.0
      fast-wrap-ansi: 0.2.2
      mute-stream: 3.0.0
      signal-exit: 4.1.0
    transitivePeerDependencies:
      - '@types/node'

  '@inquirer/editor@5.3.3':
    dependencies:
      '@inquirer/core': 12.0.3
      '@inquirer/external-editor': 3.0.5
      '@inquirer/type': 4.1.1
    transitivePeerDependencies:
      - '@types/node'

  '@inquirer/expand@5.1.5':
    dependencies:
      '@inquirer/core': 12.0.3
      '@inquirer/type': 4.1.1
    transitivePeerDependencies:
      - '@types/node'

  '@inquirer/external-editor@3.0.5':
    dependencies:
      chardet: 2.2.0
      iconv-lite: 0.7.3

  '@inquirer/figures@2.0.9': {}

  '@inquirer/input@5.1.6':
    dependencies:
      '@inquirer/core': 12.0.3
      '@inquirer/type': 4.1.1
    transitivePeerDependencies:
      - '@types/node'

  '@inquirer/number@4.2.3':
    dependencies:
      '@inquirer/core': 12.0.3
      '@inquirer/type': 4.1.1
    transitivePeerDependencies:
      - '@types/node'

  '@inquirer/password@5.2.2':
    dependencies:
      '@inquirer/ansi': 2.0.8
      '@inquirer/core': 12.0.3
      '@inquirer/type': 4.1.1
    transitivePeerDependencies:
      - '@types/node'

  '@inquirer/prompts@8.7.2':
    dependencies:
      '@inquirer/checkbox': 5.2.5
      '@inquirer/confirm': 6.3.2
      '@inquirer/editor': 5.3.3
      '@inquirer/expand': 5.1.5
      '@inquirer/input': 5.1.6
      '@inquirer/number': 4.2.3
      '@inquirer/password': 5.2.2
      '@inquirer/rawlist': 5.3.5
      '@inquirer/search': 4.3.3
      '@inquirer/select': 5.2.5
    transitivePeerDependencies:
      - '@types/node'

  '@inquirer/rawlist@5.3.5':
    dependencies:
      '@inquirer/core': 12.0.3
      '@inquirer/type': 4.1.1
    transitivePeerDependencies:
      - '@types/node'

  '@inquirer/search@4.3.3':
    dependencies:
      '@inquirer/core': 12.0.3
      '@inquirer/figures': 2.0.9
      '@inquirer/type': 4.1.1
    transitivePeerDependencies:
      - '@types/node'

  '@inquirer/select@5.2.5':
    dependencies:
      '@inquirer/ansi': 2.0.8
      '@inquirer/core': 12.0.3
      '@inquirer/figures': 2.0.9
      '@inquirer/type': 4.1.1
    transitivePeerDependencies:
      - '@types/node'

  '@inquirer/type@4.1.1': {}

  '@octokit/auth-token@6.0.0': {}

  '@octokit/core@7.0.8':
    dependencies:
      '@octokit/auth-token': 6.0.0
      '@octokit/graphql': 9.0.5
      '@octokit/request': 10.0.16
      '@octokit/request-error': 7.1.2
      '@octokit/types': 18.0.0
      before-after-hook: 4.0.0
      universal-user-agent: 7.0.3

  '@octokit/endpoint@11.0.5':
    dependencies:
      '@octokit/types': 18.0.0
      universal-user-agent: 7.0.3

  '@octokit/graphql@9.0.5':
    dependencies:
      '@octokit/request': 10.0.16
      '@octokit/types': 18.0.0
      universal-user-agent: 7.0.3

  '@octokit/openapi-types@27.0.0': {}

  '@octokit/openapi-types@29.0.1': {}

  '@octokit/plugin-paginate-rest@14.0.0(@octokit/core@7.0.8)':
    dependencies:
      '@octokit/core': 7.0.8
      '@octokit/types': 16.0.0

  '@octokit/plugin-request-log@6.0.0(@octokit/core@7.0.8)':
    dependencies:
      '@octokit/core': 7.0.8

  '@octokit/plugin-rest-endpoint-methods@17.0.0(@octokit/core@7.0.8)':
    dependencies:
      '@octokit/core': 7.0.8
      '@octokit/types': 16.0.0

  '@octokit/request-error@7.1.2':
    dependencies:
      '@octokit/types': 18.0.0

  '@octokit/request@10.0.16':
    dependencies:
      '@octokit/endpoint': 11.0.5
      '@octokit/request-error': 7.1.2
      '@octokit/types': 18.0.0
      content-type: 3.1.1
      json-with-bigint: 3.5.12
      universal-user-agent: 7.0.3

  '@octokit/rest@22.0.1':
    dependencies:
      '@octokit/core': 7.0.8
      '@octokit/plugin-paginate-rest': 14.0.0(@octokit/core@7.0.8)
      '@octokit/plugin-request-log': 6.0.0(@octokit/core@7.0.8)
      '@octokit/plugin-rest-endpoint-methods': 17.0.0(@octokit/core@7.0.8)

  '@octokit/types@16.0.0':
    dependencies:
      '@octokit/openapi-types': 27.0.0

  '@octokit/types@18.0.0':
    dependencies:
      '@octokit/openapi-types': 29.0.1

  '@phun-ky/typeof@2.0.3': {}

  '@types/parse-path@7.1.0':
    dependencies:
      parse-path: 7.1.0

  agent-base@9.0.0: {}

  ansi-regex@6.3.0: {}

  ast-types@0.13.4:
    dependencies:
      tslib: 2.8.1

  async-retry@1.3.3:
    dependencies:
      retry: 0.13.1

  basic-ftp@5.3.1: {}

  before-after-hook@4.0.0: {}

  bundle-name@4.1.0:
    dependencies:
      run-applescript: 7.1.0

  c12@3.3.4:
    dependencies:
      chokidar: 5.0.0
      confbox: 0.2.4
      defu: 6.1.7
      dotenv: 17.4.2
      exsolve: 1.1.1
      giget: 3.3.1
      jiti: 2.7.0
      ohash: 2.0.12
      pathe: 2.0.3
      perfect-debounce: 2.1.0
      pkg-types: 2.3.3
      rc9: 3.1.0

  chalk@5.6.2: {}

  chardet@2.2.0: {}

  chokidar@5.0.0:
    dependencies:
      readdirp: 5.1.1

  ci-info@4.4.0: {}

  cli-cursor@5.0.0:
    dependencies:
      restore-cursor: 5.1.0

  cli-spinners@3.4.0: {}

  cli-width@4.1.0: {}

  confbox@0.2.4: {}

  confbox@0.3.1: {}

  content-type@3.1.1: {}

  data-uri-to-buffer@8.0.0: {}

  debug@4.4.3:
    dependencies:
      ms: 2.1.3

  default-browser-id@5.0.1: {}

  default-browser@5.5.1:
    dependencies:
      bundle-name: 4.1.0
      default-browser-id: 5.0.1

  define-lazy-prop@3.0.0: {}

  defu@6.1.7: {}

  degenerator@7.0.1(quickjs-wasi@2.2.0):
    dependencies:
      ast-types: 0.13.4
      escodegen: 2.1.0
      esprima: 4.0.1
      quickjs-wasi: 2.2.0

  destr@2.0.5: {}

  dotenv@17.4.2: {}

  escodegen@2.1.0:
    dependencies:
      esprima: 4.0.1
      estraverse: 5.3.0
      esutils: 2.0.3
    optionalDependencies:
      source-map: 0.6.1

  esprima@4.0.1: {}

  estraverse@5.3.0: {}

  esutils@2.0.3: {}

  eta@4.6.0: {}

  exsolve@1.1.1: {}

  fast-string-truncated-width@3.0.3: {}

  fast-string-width@3.0.2:
    dependencies:
      fast-string-truncated-width: 3.0.3

  fast-wrap-ansi@0.2.2:
    dependencies:
      fast-string-width: 3.0.2

  fdir@6.5.0(picomatch@4.0.7):
    dependencies:
      picomatch: 4.0.7

  get-east-asian-width@1.7.0: {}

  get-uri@8.0.1:
    dependencies:
      basic-ftp: 5.3.1
      data-uri-to-buffer: 8.0.0
      debug: 4.4.3
    transitivePeerDependencies:
      - supports-color

  giget@3.3.1: {}

  git-up@8.1.1:
    dependencies:
      is-ssh: 1.4.1
      parse-url: 9.2.0

  git-url-parse@16.1.0:
    dependencies:
      git-up: 8.1.1

  http-proxy-agent@9.1.0:
    dependencies:
      agent-base: 9.0.0
      debug: 4.4.3
      proxy-agent-negotiate: 1.1.0
    transitivePeerDependencies:
      - kerberos
      - supports-color

  https-proxy-agent@9.1.0:
    dependencies:
      agent-base: 9.0.0
      debug: 4.4.3
      proxy-agent-negotiate: 1.1.0
    transitivePeerDependencies:
      - kerberos
      - supports-color

  iconv-lite@0.7.3:
    dependencies:
      safer-buffer: 2.1.2

  ip-address@10.7.2: {}

  is-docker@3.0.0: {}

  is-in-ssh@1.0.0: {}

  is-inside-container@1.0.0:
    dependencies:
      is-docker: 3.0.0

  is-interactive@2.0.0: {}

  is-ssh@1.4.1:
    dependencies:
      protocols: 2.0.2

  is-unicode-supported@2.1.0: {}

  is-wsl@3.1.1:
    dependencies:
      is-inside-container: 1.0.0

  issue-parser@7.0.2:
    dependencies:
      lodash.capitalize: 4.2.1
      lodash.escaperegexp: 4.1.2
      lodash.isplainobject: 4.0.6
      lodash.isstring: 4.0.1
      lodash.uniqby: 4.7.0

  jiti@2.7.0: {}

  json-with-bigint@3.5.12: {}

  lodash.capitalize@4.2.1: {}

  lodash.escaperegexp@4.1.2: {}

  lodash.isplainobject@4.0.6: {}

  lodash.isstring@4.0.1: {}

  lodash.merge@4.6.2: {}

  lodash.uniqby@4.7.0: {}

  log-symbols@7.0.1:
    dependencies:
      is-unicode-supported: 2.1.0
      yoctocolors: 2.2.0

  lru-cache@7.18.3: {}

  macos-release@3.5.1: {}

  mime-db@1.54.0: {}

  mime-types@3.0.2:
    dependencies:
      mime-db: 1.54.0

  mimic-function@5.0.1: {}

  ms@2.1.3: {}

  mute-stream@3.0.0: {}

  netmask@2.1.1: {}

  new-github-release-url@2.0.0:
    dependencies:
      type-fest: 2.19.0

  ohash@2.0.12: {}

  onetime@7.0.0:
    dependencies:
      mimic-function: 5.0.1

  open@11.0.4:
    dependencies:
      default-browser: 5.5.1
      define-lazy-prop: 3.0.0
      is-in-ssh: 1.0.0
      is-inside-container: 1.0.0
      powershell-utils: 0.2.1
      wsl-utils: 1.0.0

  ora@9.4.1:
    dependencies:
      chalk: 5.6.2
      cli-cursor: 5.0.0
      cli-spinners: 3.4.0
      is-interactive: 2.0.0
      is-unicode-supported: 2.1.0
      log-symbols: 7.0.1
      stdin-discarder: 0.3.2
      string-width: 8.2.2

  os-name@7.0.0:
    dependencies:
      macos-release: 3.5.1
      windows-release: 7.1.1

  pac-proxy-agent@9.1.0:
    dependencies:
      agent-base: 9.0.0
      debug: 4.4.3
      get-uri: 8.0.1
      http-proxy-agent: 9.1.0
      https-proxy-agent: 9.1.0
      pac-resolver: 9.0.1(quickjs-wasi@2.2.0)
      quickjs-wasi: 2.2.0
      socks-proxy-agent: 10.1.0
    transitivePeerDependencies:
      - kerberos
      - supports-color

  pac-resolver@9.0.1(quickjs-wasi@2.2.0):
    dependencies:
      degenerator: 7.0.1(quickjs-wasi@2.2.0)
      netmask: 2.1.1
      quickjs-wasi: 2.2.0

  parse-path@7.1.0:
    dependencies:
      protocols: 2.0.2

  parse-url@9.2.0:
    dependencies:
      '@types/parse-path': 7.1.0
      parse-path: 7.1.0

  pathe@2.0.3: {}

  perfect-debounce@2.1.0: {}

  picomatch@4.0.7: {}

  pkg-types@2.3.3:
    dependencies:
      confbox: 0.3.1
      exsolve: 1.1.1
      pathe: 2.0.3

  powershell-utils@0.1.0: {}

  powershell-utils@0.2.1: {}

  protocols@2.0.2: {}

  proxy-agent-negotiate@1.1.0: {}

  proxy-agent@8.0.2:
    dependencies:
      agent-base: 9.0.0
      debug: 4.4.3
      http-proxy-agent: 9.1.0
      https-proxy-agent: 9.1.0
      lru-cache: 7.18.3
      pac-proxy-agent: 9.1.0
      proxy-from-env: 2.1.0
      socks-proxy-agent: 10.1.0
    transitivePeerDependencies:
      - kerberos
      - supports-color

  proxy-from-env@2.1.0: {}

  quickjs-wasi@2.2.0: {}

  rc9@3.1.0:
    dependencies:
      defu: 6.1.7
      destr: 2.0.5

  readdirp@5.1.1: {}

  release-it@21.1.0:
    dependencies:
      '@inquirer/prompts': 8.7.2
      '@octokit/rest': 22.0.1
      '@phun-ky/typeof': 2.0.3
      async-retry: 1.3.3
      c12: 3.3.4
      ci-info: 4.4.0
      defu: 6.1.7
      eta: 4.6.0
      git-url-parse: 16.1.0
      issue-parser: 7.0.2
      lodash.merge: 4.6.2
      mime-types: 3.0.2
      new-github-release-url: 2.0.0
      open: 11.0.4
      ora: 9.4.1
      os-name: 7.0.0
      proxy-agent: 8.0.2
      tinyglobby: 0.2.17
      undici: 7.29.0
      url-join: 5.0.0
      verkit: 0.4.0
      wildcard-match: 5.1.4
    transitivePeerDependencies:
      - '@types/node'
      - kerberos
      - magicast
      - supports-color

  restore-cursor@5.1.0:
    dependencies:
      onetime: 7.0.0
      signal-exit: 4.1.0

  retry@0.13.1: {}

  run-applescript@7.1.0: {}

  safer-buffer@2.1.2: {}

  signal-exit@4.1.0: {}

  smart-buffer@4.2.0: {}

  socks-proxy-agent@10.1.0:
    dependencies:
      agent-base: 9.0.0
      debug: 4.4.3
      socks: 2.8.10
    transitivePeerDependencies:
      - supports-color

  socks@2.8.10:
    dependencies:
      ip-address: 10.7.2
      smart-buffer: 4.2.0

  source-map@0.6.1:
    optional: true

  stdin-discarder@0.3.2: {}

  string-width@8.2.2:
    dependencies:
      get-east-asian-width: 1.7.0
      strip-ansi: 7.2.0

  strip-ansi@7.2.0:
    dependencies:
      ansi-regex: 6.3.0

  tinyglobby@0.2.17:
    dependencies:
      fdir: 6.5.0(picomatch@4.0.7)
      picomatch: 4.0.7

  tslib@2.8.1: {}

  type-fest@2.19.0: {}

  undici@7.29.0: {}

  universal-user-agent@7.0.3: {}

  url-join@5.0.0: {}

  verkit@0.4.0: {}

  wildcard-match@5.1.4: {}

  windows-release@7.1.1:
    dependencies:
      powershell-utils: 0.2.1

  wsl-utils@1.0.0:
    dependencies:
      is-wsl: 3.1.1
      powershell-utils: 0.1.0

  yoctocolors@2.2.0: {}
